
Microsoft Visual Studio Solution File, Format Version 12.00
# Visual Studio Version 16
VisualStudioVersion = 16.0.30503.244
MinimumVisualStudioVersion = 10.0.40219.1
Project("{888888A0-9F3D-457C-B088-3A5042F75D52}") = "File Manipulator", "File Manipulator\File Manipulator.pyproj", "{E67D4C20-98D2-448A-80C0-6B5EFD896787}"
EndProject
Global
	GlobalSection(SolutionConfigurationPlatforms) = preSolution
		Debug|Any CPU = Debug|Any CPU
		Release|Any CPU = Release|Any CPU
	EndGlobalSection
	GlobalSection(ProjectConfigurationPlatforms) = postSolution
		{E67D4C20-98D2-448A-80C0-6B5EFD896787}.Debug|Any CPU.ActiveCfg = Debug|Any CPU
		{E67D4C20-98D2-448A-80C0-6B5EFD896787}.Release|Any CPU.ActiveCfg = Release|Any CPU
	EndGlobalSection
	GlobalSection(SolutionProperties) = preSolution
		HideSolutionNode = FALSE
	EndGlobalSection
	GlobalSection(ExtensibilityGlobals) = postSolution
		SolutionGuid = {AE3A940E-1946-4845-BB76-54FF9C89E4D1}
	EndGlobalSection
EndGlobal
